// !$*UTF8*$!
{
	archiveVersion = 1;
	classes = {
	};
	objectVersion = 46;
	objects = {

/* Begin PBXBuildFile section */
		574627481AA05707007D5BD9 /* main.m in Sources */ = {isa = PBXBuildFile; fileRef = 574627471AA05707007D5BD9 /* main.m */; };
		5746274B1AA05707007D5BD9 /* AppDelegate.m in Sources */ = {isa = PBXBuildFile; fileRef = 5746274A1AA05707007D5BD9 /* AppDelegate.m */; };
		5746274E1AA05707007D5BD9 /* ViewController.m in Sources */ = {isa = PBXBuildFile; fileRef = 5746274D1AA05707007D5BD9 /* ViewController.m */; };
		574627531AA05707007D5BD9 /* Images.xcassets in Resources */ = {isa = PBXBuildFile; fileRef = 574627521AA05707007D5BD9 /* Images.xcassets */; };
		574627621AA05707007D5BD9 /* customNaviTests.m in Sources */ = {isa = PBXBuildFile; fileRef = 574627611AA05707007D5BD9 /* customNaviTests.m */; };
		5746276E1AA0596D007D5BD9 /* customNavigationController.m in Sources */ = {isa = PBXBuildFile; fileRef = 5746276D1AA0596D007D5BD9 /* customNavigationController.m */; };
		574627711AA05D87007D5BD9 /* UIColor+randomColor.m in Sources */ = {isa = PBXBuildFile; fileRef = 574627701AA05D87007D5BD9 /* UIColor+randomColor.m */; };
/* End PBXBuildFile section */

/* Begin PBXContainerItemProxy section */
		5746275C1AA05707007D5BD9 /* PBXContainerItemProxy */ = {
			isa = PBXContainerItemProxy;
			containerPortal = 5746273A1AA05706007D5BD9 /* Project object */;
			proxyType = 1;
			remoteGlobalIDString = 574627411AA05706007D5BD9;
			remoteInfo = customNavi;
		};
/* End PBXContainerItemProxy section */

/* Begin PBXFileReference section */
		574627421AA05706007D5BD9 /* customNavi.app */ = {isa = PBXFileReference; explicitFileType = wrapper.application; includeInIndex = 0; path = customNavi.app; sourceTree = BUILT_PRODUCTS_DIR; };
		574627461AA05706007D5BD9 /* Info.plist */ = {isa = PBXFileReference; lastKnownFileType = text.plist.xml; path = Info.plist; sourceTree = "<group>"; };
		574627471AA05707007D5BD9 /* main.m */ = {isa = PBXFileReference; lastKnownFileType = sourcecode.c.objc; path = main.m; sourceTree = "<group>"; };
		574627491AA05707007D5BD9 /* AppDelegate.h */ = {isa = PBXFileReference; lastKnownFileType = sourcecode.c.h; path = AppDelegate.h; sourceTree = "<group>"; };
		5746274A1AA05707007D5BD9 /* AppDelegate.m */ = {isa = PBXFileReference; lastKnownFileType = sourcecode.c.objc; path = AppDelegate.m; sourceTree = "<group>"; };
		5746274C1AA05707007D5BD9 /* ViewController.h */ = {isa = PBXFileReference; lastKnownFileType = sourcecode.c.h; path = ViewController.h; sourceTree = "<group>"; };
		5746274D1AA05707007D5BD9 /* ViewController.m */ = {isa = PBXFileReference; lastKnownFileType = sourcecode.c.objc; path = ViewController.m; sourceTree = "<group>"; };
		574627521AA05707007D5BD9 /* Images.xcassets */ = {isa = PBXFileReference; lastKnownFileType = folder.assetcatalog; path = Images.xcassets; sourceTree = "<group>"; };
		5746275B1AA05707007D5BD9 /* customNaviTests.xctest */ = {isa = PBXFileReference; explicitFileType = wrapper.cfbundle; includeInIndex = 0; path = customNaviTests.xctest; sourceTree = BUILT_PRODUCTS_DIR; };
		574627601AA05707007D5BD9 /* Info.plist */ = {isa = PBXFileReference; lastKnownFileType = text.plist.xml; path = Info.plist; sourceTree = "<group>"; };
		574627611AA05707007D5BD9 /* customNaviTests.m */ = {isa = PBXFileReference; lastKnownFileType = sourcecode.c.objc; path = customNaviTests.m; sourceTree = "<group>"; };
		5746276B1AA05776007D5BD9 /* PrefixHeader.pch */ = {isa = PBXFileReference; lastKnownFileType = sourcecode.c.h; path = PrefixHeader.pch; sourceTree = "<group>"; };
		5746276C1AA0596D007D5BD9 /* customNavigationController.h */ = {isa = PBXFileReference; fileEncoding = 4; lastKnownFileType = sourcecode.c.h; path = customNavigationController.h; sourceTree = "<group>"; };
		5746276D1AA0596D007D5BD9 /* customNavigationController.m */ = {isa = PBXFileReference; fileEncoding = 4; lastKnownFileType = sourcecode.c.objc; path = customNavigationController.m; sourceTree = "<group>"; };
		5746276F1AA05D87007D5BD9 /* UIColor+randomColor.h */ = {isa = PBXFileReference; fileEncoding = 4; lastKnownFileType = sourcecode.c.h; path = "UIColor+randomColor.h"; sourceTree = "<group>"; };
		574627701AA05D87007D5BD9 /* UIColor+randomColor.m */ = {isa = PBXFileReference; fileEncoding = 4; lastKnownFileType = sourcecode.c.objc; path = "UIColor+randomColor.m"; sourceTree = "<group>"; };
/* End PBXFileReference section */

/* Begin PBXFrameworksBuildPhase section */
		5746273F1AA05706007D5BD9 /* Frameworks */ = {
			isa = PBXFrameworksBuildPhase;
			buildActionMask = 2147483647;
			files = (
			);
			runOnlyForDeploymentPostprocessing = 0;
		};
		574627581AA05707007D5BD9 /* Frameworks */ = {
			isa = PBXFrameworksBuildPhase;
			buildActionMask = 2147483647;
			files = (
			);
			runOnlyForDeploymentPostprocessing = 0;
		};
/* End PBXFrameworksBuildPhase section */

/* Begin PBXGroup section */
		574627391AA05706007D5BD9 = {
			isa = PBXGroup;
			children = (
				574627441AA05706007D5BD9 /* customNavi */,
				5746275E1AA05707007D5BD9 /* customNaviTests */,
				574627431AA05706007D5BD9 /* Products */,
			);
			sourceTree = "<group>";
		};
		574627431AA05706007D5BD9 /* Products */ = {
			isa = PBXGroup;
			children = (
				574627421AA05706007D5BD9 /* customNavi.app */,
				5746275B1AA05707007D5BD9 /* customNaviTests.xctest */,
			);
			name = Products;
			sourceTree = "<group>";
		};
		574627441AA05706007D5BD9 /* customNavi */ = {
			isa = PBXGroup;
			children = (
				574627491AA05707007D5BD9 /* AppDelegate.h */,
				5746274A1AA05707007D5BD9 /* AppDelegate.m */,
				5746276C1AA0596D007D5BD9 /* customNavigationController.h */,
				5746276D1AA0596D007D5BD9 /* customNavigationController.m */,
				5746274C1AA05707007D5BD9 /* ViewController.h */,
				5746274D1AA05707007D5BD9 /* ViewController.m */,
				5746276F1AA05D87007D5BD9 /* UIColor+randomColor.h */,
				574627701AA05D87007D5BD9 /* UIColor+randomColor.m */,
				574627521AA05707007D5BD9 /* Images.xcassets */,
				574627451AA05706007D5BD9 /* Supporting Files */,
			);
			path = customNavi;
			sourceTree = "<group>";
		};
		574627451AA05706007D5BD9 /* Supporting Files */ = {
			isa = PBXGroup;
			children = (
				574627461AA05706007D5BD9 /* Info.plist */,
				574627471AA05707007D5BD9 /* main.m */,
				5746276B1AA05776007D5BD9 /* PrefixHeader.pch */,
			);
			name = "Supporting Files";
			sourceTree = "<group>";
		};
		5746275E1AA05707007D5BD9 /* customNaviTests */ = {
			isa = PBXGroup;
			children = (
				574627611AA05707007D5BD9 /* customNaviTests.m */,
				5746275F1AA05707007D5BD9 /* Supporting Files */,
			);
			path = customNaviTests;
			sourceTree = "<group>";
		};
		5746275F1AA05707007D5BD9 /* Supporting Files */ = {
			isa = PBXGroup;
			children = (
				574627601AA05707007D5BD9 /* Info.plist */,
			);
			name = "Supporting Files";
			sourceTree = "<group>";
		};
/* End PBXGroup section */

/* Begin PBXNativeTarget section */
		574627411AA05706007D5BD9 /* customNavi */ = {
			isa = PBXNativeTarget;
			buildConfigurationList = 574627651AA05707007D5BD9 /* Build configuration list for PBXNativeTarget "customNavi" */;
			buildPhases = (
				5746273E1AA05706007D5BD9 /* Sources */,
				5746273F1AA05706007D5BD9 /* Frameworks */,
				574627401AA05706007D5BD9 /* Resources */,
			);
			buildRules = (
			);
			dependencies = (
			);
			name = customNavi;
			productName = customNavi;
			productReference = 574627421AA05706007D5BD9 /* customNavi.app */;
			productType = "com.apple.product-type.application";
		};
		5746275A1AA05707007D5BD9 /* customNaviTests */ = {
			isa = PBXNativeTarget;
			buildConfigurationList = 574627681AA05707007D5BD9 /* Build configuration list for PBXNativeTarget "customNaviTests" */;
			buildPhases = (
				574627571AA05707007D5BD9 /* Sources */,
				574627581AA05707007D5BD9 /* Frameworks */,
				574627591AA05707007D5BD9 /* Resources */,
			);
			buildRules = (
			);
			dependencies = (
				5746275D1AA05707007D5BD9 /* PBXTargetDependency */,
			);
			name = customNaviTests;
			productName = customNaviTests;
			productReference = 5746275B1AA05707007D5BD9 /* customNaviTests.xctest */;
			productType = "com.apple.product-type.bundle.unit-test";
		};
/* End PBXNativeTarget section */

/* Begin PBXProject section */
		5746273A1AA05706007D5BD9 /* Project object */ = {
			isa = PBXProject;
			attributes = {
				LastUpgradeCheck = 0610;
				ORGANIZATIONNAME = NationSky;
				TargetAttributes = {
					574627411AA05706007D5BD9 = {
						CreatedOnToolsVersion = 6.1.1;
					};
					5746275A1AA05707007D5BD9 = {
						CreatedOnToolsVersion = 6.1.1;
						TestTargetID = 574627411AA05706007D5BD9;
					};
				};
			};
			buildConfigurationList = 5746273D1AA05706007D5BD9 /* Build configuration list for PBXProject "customNavi" */;
			compatibilityVersion = "Xcode 3.2";
			developmentRegion = English;
			hasScannedForEncodings = 0;
			knownRegions = (
				en,
				Base,
			);
			mainGroup = 574627391AA05706007D5BD9;
			productRefGroup = 574627431AA05706007D5BD9 /* Products */;
			projectDirPath = "";
			projectRoot = "";
			targets = (
				574627411AA05706007D5BD9 /* customNavi */,
				5746275A1AA05707007D5BD9 /* customNaviTests */,
			);
		};
/* End PBXProject section */

/* Begin PBXResourcesBuildPhase section */
		574627401AA05706007D5BD9 /* Resources */ = {
			isa = PBXResourcesBuildPhase;
			buildActionMask = 2147483647;
			files = (
				574627531AA05707007D5BD9 /* Images.xcassets in Resources */,
			);
			runOnlyForDeploymentPostprocessing = 0;
		};
		574627591AA05707007D5BD9 /* Resources */ = {
			isa = PBXResourcesBuildPhase;
			buildActionMask = 2147483647;
			files = (
			);
			runOnlyForDeploymentPostprocessing = 0;
		};
/* End PBXResourcesBuildPhase section */

/* Begin PBXSourcesBuildPhase section */
		5746273E1AA05706007D5BD9 /* Sources */ = {
			isa = PBXSourcesBuildPhase;
			buildActionMask = 2147483647;
			files = (
				5746274E1AA05707007D5BD9 /* ViewController.m in Sources */,
				5746274B1AA05707007D5BD9 /* AppDelegate.m in Sources */,
				5746276E1AA0596D007D5BD9 /* customNavigationController.m in Sources */,
				574627711AA05D87007D5BD9 /* UIColor+randomColor.m in Sources */,
				574627481AA05707007D5BD9 /* main.m in Sources */,
			);
			runOnlyForDeploymentPostprocessing = 0;
		};
		574627571AA05707007D5BD9 /* Sources */ = {
			isa = PBXSourcesBuildPhase;
			buildActionMask = 2147483647;
			files = (
				574627621AA05707007D5BD9 /* customNaviTests.m in Sources */,
			);
			runOnlyForDeploymentPostprocessing = 0;
		};
/* End PBXSourcesBuildPhase section */

/* Begin PBXTargetDependency section */
		5746275D1AA05707007D5BD9 /* PBXTargetDependency */ = {
			isa = PBXTargetDependency;
			target = 574627411AA05706007D5BD9 /* customNavi */;
			targetProxy = 5746275C1AA05707007D5BD9 /* PBXContainerItemProxy */;
		};
/* End PBXTargetDependency section */

/* Begin XCBuildConfiguration section */
		574627631AA05707007D5BD9 /* Debug */ = {
			isa = XCBuildConfiguration;
			buildSettings = {
				ALWAYS_SEARCH_USER_PATHS = NO;
				CLANG_CXX_LANGUAGE_STANDARD = "gnu++0x";
				CLANG_CXX_LIBRARY = "libc++";
				CLANG_ENABLE_MODULES = YES;
				CLANG_ENABLE_OBJC_ARC = YES;
				CLANG_WARN_BOOL_CONVERSION = YES;
				CLANG_WARN_CONSTANT_CONVERSION = YES;
				CLANG_WARN_DIRECT_OBJC_ISA_USAGE = YES_ERROR;
				CLANG_WARN_EMPTY_BODY = YES;
				CLANG_WARN_ENUM_CONVERSION = YES;
				CLANG_WARN_INT_CONVERSION = YES;
				CLANG_WARN_OBJC_ROOT_CLASS = YES_ERROR;
				CLANG_WARN_UNREACHABLE_CODE = YES;
				CLANG_WARN__DUPLICATE_METHOD_MATCH = YES;
				"CODE_SIGN_IDENTITY[sdk=iphoneos*]" = "iPhone Developer";
				COPY_PHASE_STRIP = NO;
				ENABLE_STRICT_OBJC_MSGSEND = YES;
				GCC_C_LANGUAGE_STANDARD = gnu99;
				GCC_DYNAMIC_NO_PIC = NO;
				GCC_OPTIMIZATION_LEVEL = 0;
				GCC_PREPROCESSOR_DEFINITIONS = (
					"DEBUG=1",
					"$(inherited)",
				);
				GCC_SYMBOLS_PRIVATE_EXTERN = NO;
				GCC_WARN_64_TO_32_BIT_CONVERSION = YES;
				GCC_WARN_ABOUT_RETURN_TYPE = YES_ERROR;
				GCC_WARN_UNDECLARED_SELECTOR = YES;
				GCC_WARN_UNINITIALIZED_AUTOS = YES_AGGRESSIVE;
				GCC_WARN_UNUSED_FUNCTION = YES;
				GCC_WARN_UNUSED_VARIABLE = YES;
				IPHONEOS_DEPLOYMENT_TARGET = 8.1;
				MTL_ENABLE_DEBUG_INFO = YES;
				ONLY_ACTIVE_ARCH = YES;
				SDKROOT = iphoneos;
			};
			name = Debug;
		};
		574627641AA05707007D5BD9 /* Release */ = {
			isa = XCBuildConfiguration;
			buildSettings = {
				ALWAYS_SEARCH_USER_PATHS = NO;
				CLANG_CXX_LANGUAGE_STANDARD = "gnu++0x";
				CLANG_CXX_LIBRARY = "libc++";
				CLANG_ENABLE_MODULES = YES;
				CLANG_ENABLE_OBJC_ARC = YES;
				CLANG_WARN_BOOL_CONVERSION = YES;
				CLANG_WARN_CONSTANT_CONVERSION = YES;
				CLANG_WARN_DIRECT_OBJC_ISA_USAGE = YES_ERROR;
				CLANG_WARN_EMPTY_BODY = YES;
				CLANG_WARN_ENUM_CONVERSION = YES;
				CLANG_WARN_INT_CONVERSION = YES;
				CLANG_WARN_OBJC_ROOT_CLASS = YES_ERROR;
				CLANG_WARN_UNREACHABLE_CODE = YES;
				CLANG_WARN__DUPLICATE_METHOD_MATCH = YES;
				"CODE_SIGN_IDENTITY[sdk=iphoneos*]" = "iPhone Developer";
				COPY_PHASE_STRIP = YES;
				ENABLE_NS_ASSERTIONS = NO;
				ENABLE_STRICT_OBJC_MSGSEND = YES;
				GCC_C_LANGUAGE_STANDARD = gnu99;
				GCC_WARN_64_TO_32_BIT_CONVERSION = YES;
				GCC_WARN_ABOUT_RETURN_TYPE = YES_ERROR;
				GCC_WARN_UNDECLARED_SELECTOR = YES;
				GCC_WARN_UNINITIALIZED_AUTOS = YES_AGGRESSIVE;
				GCC_WARN_UNUSED_FUNCTION = YES;
				GCC_WARN_UNUSED_VARIABLE = YES;
				IPHONEOS_DEPLOYMENT_TARGET = 8.1;
				MTL_ENABLE_DEBUG_INFO = NO;
				SDKROOT = iphoneos;
				VALIDATE_PRODUCT = YES;
			};
			name = Release;
		};
		574627661AA05707007D5BD9 /* Debug */ = {
			isa = XCBuildConfiguration;
			buildSettings = {
				ASSETCATALOG_COMPILER_APPICON_NAME = AppIcon;
				ASSETCATALOG_COMPILER_LAUNCHIMAGE_NAME = LaunchImage;
				GCC_PREFIX_HEADER = customNavi/PrefixHeader.pch;
				INFOPLIST_FILE = customNavi/Info.plist;
				IPHONEOS_DEPLOYMENT_TARGET = 7.0;
				LD_RUNPATH_SEARCH_PATHS = "$(inherited) @executable_path/Frameworks";
				PRODUCT_NAME = "$(TARGET_NAME)";
			};
			name = Debug;
		};
		574627671AA05707007D5BD9 /* Release */ = {
			isa = XCBuildConfiguration;
			buildSettings = {
				ASSETCATALOG_COMPILER_APPICON_NAME = AppIcon;
				ASSETCATALOG_COMPILER_LAUNCHIMAGE_NAME = LaunchImage;
				GCC_PREFIX_HEADER = customNavi/PrefixHeader.pch;
				INFOPLIST_FILE = customNavi/Info.plist;
				IPHONEOS_DEPLOYMENT_TARGET = 7.0;
				LD_RUNPATH_SEARCH_PATHS = "$(inherited) @executable_path/Frameworks";
				PRODUCT_NAME = "$(TARGET_NAME)";
			};
			name = Release;
		};
		574627691AA05707007D5BD9 /* Debug */ = {
			isa = XCBuildConfiguration;
			buildSettings = {
				BUNDLE_LOADER = "$(TEST_HOST)";
				FRAMEWORK_SEARCH_PATHS = (
					"$(SDKROOT)/Developer/Library/Frameworks",
					"$(inherited)",
				);
				GCC_PREPROCESSOR_DEFINITIONS = (
					"DEBUG=1",
					"$(inherited)",
				);
				INFOPLIST_FILE = customNaviTests/Info.plist;
				LD_RUNPATH_SEARCH_PATHS = "$(inherited) @executable_path/Frameworks @loader_path/Frameworks";
				PRODUCT_NAME = "$(TARGET_NAME)";
				TEST_HOST = "$(BUILT_PRODUCTS_DIR)/customNavi.app/customNavi";
			};
			name = Debug;
		};
		5746276A1AA05707007D5BD9 /* Release */ = {
			isa = XCBuildConfiguration;
			buildSettings = {
				BUNDLE_LOADER = "$(TEST_HOST)";
				FRAMEWORK_SEARCH_PATHS = (
					"$(SDKROOT)/Developer/Library/Frameworks",
					"$(inherited)",
				);
				INFOPLIST_FILE = customNaviTests/Info.plist;
				LD_RUNPATH_SEARCH_PATHS = "$(inherited) @executable_path/Frameworks @loader_path/Frameworks";
				PRODUCT_NAME = "$(TARGET_NAME)";
				TEST_HOST = "$(BUILT_PRODUCTS_DIR)/customNavi.app/customNavi";
			};
			name = Release;
		};
/* End XCBuildConfiguration section */

/* Begin XCConfigurationList section */
		5746273D1AA05706007D5BD9 /* Build configuration list for PBXProject "customNavi" */ = {
			isa = XCConfigurationList;
			buildConfigurations = (
				574627631AA05707007D5BD9 /* Debug */,
				574627641AA05707007D5BD9 /* Release */,
			);
			defaultConfigurationIsVisible = 0;
			defaultConfigurationName = Release;
		};
		574627651AA05707007D5BD9 /* Build configuration list for PBXNativeTarget "customNavi" */ = {
			isa = XCConfigurationList;
			buildConfigurations = (
				574627661AA05707007D5BD9 /* Debug */,
				574627671AA05707007D5BD9 /* Release */,
			);
			defaultConfigurationIsVisible = 0;
		};
		574627681AA05707007D5BD9 /* Build configuration list for PBXNativeTarget "customNaviTests" */ = {
			isa = XCConfigurationList;
			buildConfigurations = (
				574627691AA05707007D5BD9 /* Debug */,
				5746276A1AA05707007D5BD9 /* Release */,
			);
			defaultConfigurationIsVisible = 0;
		};
/* End XCConfigurationList section */
	};
	rootObject = 5746273A1AA05706007D5BD9 /* Project object */;
}
